
Microsoft Visual Studio Solution File, Format Version 12.00
# Visual Studio 2012
Project("{FAE04EC0-301F-11D3-BF4B-00C04F79EFBC}") = "StatusBoard.JSON", ".\StatusBoard.JSON\StatusBoard.JSON.csproj", "{DF7A4443-4B40-455C-9EF4-8863D68BEE74}"
EndProject
Project("{FAE04EC0-301F-11D3-BF4B-00C04F79EFBC}") = "SampleCreator", ".\SampleCreator\SampleCreator.csproj", "{B6E03926-2FD6-413B-A047-AD335BFB70E1}"
EndProject
Global
	GlobalSection(SolutionConfigurationPlatforms) = preSolution
		Debug|Any CPU = Debug|Any CPU
		Release|Any CPU = Release|Any CPU
	EndGlobalSection
	GlobalSection(ProjectConfigurationPlatforms) = postSolution
		{DF7A4443-4B40-455C-9EF4-8863D68BEE74}.Debug|Any CPU.ActiveCfg = Debug|Any CPU
		{DF7A4443-4B40-455C-9EF4-8863D68BEE74}.Debug|Any CPU.Build.0 = Debug|Any CPU
		{DF7A4443-4B40-455C-9EF4-8863D68BEE74}.Release|Any CPU.ActiveCfg = Release|Any CPU
		{DF7A4443-4B40-455C-9EF4-8863D68BEE74}.Release|Any CPU.Build.0 = Release|Any CPU
		{B6E03926-2FD6-413B-A047-AD335BFB70E1}.Debug|Any CPU.ActiveCfg = Debug|Any CPU
		{B6E03926-2FD6-413B-A047-AD335BFB70E1}.Debug|Any CPU.Build.0 = Debug|Any CPU
		{B6E03926-2FD6-413B-A047-AD335BFB70E1}.Release|Any CPU.ActiveCfg = Release|Any CPU
		{B6E03926-2FD6-413B-A047-AD335BFB70E1}.Release|Any CPU.Build.0 = Release|Any CPU
	EndGlobalSection
	GlobalSection(SolutionProperties) = preSolution
		HideSolutionNode = FALSE
	EndGlobalSection
EndGlobal
